// !$*UTF8*$!
{
	archiveVersion = 1;
	classes = {
	};
	objectVersion = 46;
	objects = {

/* Begin PBXBuildFile section */
		194D19380FC5073F67E6845E /* Pods_weather.framework in Frameworks */ = {isa = PBXBuildFile; fileRef = 6443776248DA503962DDF5DD /* Pods_weather.framework */; };
		D62F15F01CEF660E00562380 /* SettingsTableViewController.swift in Sources */ = {isa = PBXBuildFile; fileRef = D62F15EF1CEF660E00562380 /* SettingsTableViewController.swift */; };
		D62F15FE1CEF6AC200562380 /* MMDrawerBarButtonItem.m in Sources */ = {isa = PBXBuildFile; fileRef = D62F15F61CEF6AC200562380 /* MMDrawerBarButtonItem.m */; };
		D62F15FF1CEF6AC200562380 /* MMDrawerController.m in Sources */ = {isa = PBXBuildFile; fileRef = D62F15F81CEF6AC200562380 /* MMDrawerController.m */; };
		D62F16001CEF6AC200562380 /* MMDrawerVisualState.m in Sources */ = {isa = PBXBuildFile; fileRef = D62F15FB1CEF6AC200562380 /* MMDrawerVisualState.m */; };
		D62F16011CEF6AC200562380 /* UIViewController+MMDrawerController.m in Sources */ = {isa = PBXBuildFile; fileRef = D62F15FD1CEF6AC200562380 /* UIViewController+MMDrawerController.m */; };
		D6412A881CD7F07300ABDF86 /* AppDelegate.swift in Sources */ = {isa = PBXBuildFile; fileRef = D6412A871CD7F07300ABDF86 /* AppDelegate.swift */; };
		D6412A8A1CD7F07300ABDF86 /* ViewController.swift in Sources */ = {isa = PBXBuildFile; fileRef = D6412A891CD7F07300ABDF86 /* ViewController.swift */; };
		D6412A8D1CD7F07300ABDF86 /* Main.storyboard in Resources */ = {isa = PBXBuildFile; fileRef = D6412A8B1CD7F07300ABDF86 /* Main.storyboard */; };
		D6412A8F1CD7F07300ABDF86 /* Assets.xcassets in Resources */ = {isa = PBXBuildFile; fileRef = D6412A8E1CD7F07300ABDF86 /* Assets.xcassets */; };
		D6412A921CD7F07300ABDF86 /* LaunchScreen.storyboard in Resources */ = {isa = PBXBuildFile; fileRef = D6412A901CD7F07300ABDF86 /* LaunchScreen.storyboard */; };
		D6412A9D1CD7F07300ABDF86 /* weatherTests.swift in Sources */ = {isa = PBXBuildFile; fileRef = D6412A9C1CD7F07300ABDF86 /* weatherTests.swift */; };
		D6412AA81CD7F07300ABDF86 /* weatherUITests.swift in Sources */ = {isa = PBXBuildFile; fileRef = D6412AA71CD7F07300ABDF86 /* weatherUITests.swift */; };
		D6412AB81CD7F4C800ABDF86 /* Podfile in Resources */ = {isa = PBXBuildFile; fileRef = D6412AB71CD7F4C800ABDF86 /* Podfile */; };
		D67097741CD92808003EACE7 /* DayWeatherViewCell.swift in Sources */ = {isa = PBXBuildFile; fileRef = D67097731CD92808003EACE7 /* DayWeatherViewCell.swift */; };
		D67097771CD92982003EACE7 /* Services.swift in Sources */ = {isa = PBXBuildFile; fileRef = D67097761CD92982003EACE7 /* Services.swift */; };
		D670977C1CD92DFC003EACE7 /* Location.swift in Sources */ = {isa = PBXBuildFile; fileRef = D670977B1CD92DFC003EACE7 /* Location.swift */; };
		D670977E1CD92FF9003EACE7 /* Weather.swift in Sources */ = {isa = PBXBuildFile; fileRef = D670977D1CD92FF9003EACE7 /* Weather.swift */; };
		D67097861CD9459D003EACE7 /* citiesus.json in Resources */ = {isa = PBXBuildFile; fileRef = D67097851CD9459D003EACE7 /* citiesus.json */; };
		D6984F6A1CEC140D0088AECA /* WeatherViewController.swift in Sources */ = {isa = PBXBuildFile; fileRef = D6984F691CEC140D0088AECA /* WeatherViewController.swift */; };
/* End PBXBuildFile section */

/* Begin PBXContainerItemProxy section */
		D6412A991CD7F07300ABDF86 /* PBXContainerItemProxy */ = {
			isa = PBXContainerItemProxy;
			containerPortal = D6412A7C1CD7F07300ABDF86 /* Project object */;
			proxyType = 1;
			remoteGlobalIDString = D6412A831CD7F07300ABDF86;
			remoteInfo = weather;
		};
		D6412AA41CD7F07300ABDF86 /* PBXContainerItemProxy */ = {
			isa = PBXContainerItemProxy;
			containerPortal = D6412A7C1CD7F07300ABDF86 /* Project object */;
			proxyType = 1;
			remoteGlobalIDString = D6412A831CD7F07300ABDF86;
			remoteInfo = weather;
		};
/* End PBXContainerItemProxy section */

/* Begin PBXFileReference section */
		6371C1E61B1E934A7EBE0C7F /* Pods-weather.debug.xcconfig */ = {isa = PBXFileReference; includeInIndex = 1; lastKnownFileType = text.xcconfig; name = "Pods-weather.debug.xcconfig"; path = "Pods/Target Support Files/Pods-weather/Pods-weather.debug.xcconfig"; sourceTree = "<group>"; };
		6443776248DA503962DDF5DD /* Pods_weather.framework */ = {isa = PBXFileReference; explicitFileType = wrapper.framework; includeInIndex = 0; path = Pods_weather.framework; sourceTree = BUILT_PRODUCTS_DIR; };
		B6DEA8A5A1F8B237DD38E612 /* Pods-weather.release.xcconfig */ = {isa = PBXFileReference; includeInIndex = 1; lastKnownFileType = text.xcconfig; name = "Pods-weather.release.xcconfig"; path = "Pods/Target Support Files/Pods-weather/Pods-weather.release.xcconfig"; sourceTree = "<group>"; };
		D62F15EF1CEF660E00562380 /* SettingsTableViewController.swift */ = {isa = PBXFileReference; fileEncoding = 4; lastKnownFileType = sourcecode.swift; path = SettingsTableViewController.swift; sourceTree = "<group>"; };
		D62F15F41CEF6AC200562380 /* weather-Bridging-Header.h */ = {isa = PBXFileReference; lastKnownFileType = sourcecode.c.h; path = "weather-Bridging-Header.h"; sourceTree = "<group>"; };
		D62F15F51CEF6AC200562380 /* MMDrawerBarButtonItem.h */ = {isa = PBXFileReference; fileEncoding = 4; lastKnownFileType = sourcecode.c.h; path = MMDrawerBarButtonItem.h; sourceTree = "<group>"; };
		D62F15F61CEF6AC200562380 /* MMDrawerBarButtonItem.m */ = {isa = PBXFileReference; fileEncoding = 4; lastKnownFileType = sourcecode.c.objc; path = MMDrawerBarButtonItem.m; sourceTree = "<group>"; };
		D62F15F71CEF6AC200562380 /* MMDrawerController.h */ = {isa = PBXFileReference; fileEncoding = 4; lastKnownFileType = sourcecode.c.h; path = MMDrawerController.h; sourceTree = "<group>"; };
		D62F15F81CEF6AC200562380 /* MMDrawerController.m */ = {isa = PBXFileReference; fileEncoding = 4; lastKnownFileType = sourcecode.c.objc; path = MMDrawerController.m; sourceTree = "<group>"; };
		D62F15F91CEF6AC200562380 /* MMDrawerController+Subclass.h */ = {isa = PBXFileReference; fileEncoding = 4; lastKnownFileType = sourcecode.c.h; path = "MMDrawerController+Subclass.h"; sourceTree = "<group>"; };
		D62F15FA1CEF6AC200562380 /* MMDrawerVisualState.h */ = {isa = PBXFileReference; fileEncoding = 4; lastKnownFileType = sourcecode.c.h; path = MMDrawerVisualState.h; sourceTree = "<group>"; };
		D62F15FB1CEF6AC200562380 /* MMDrawerVisualState.m */ = {isa = PBXFileReference; fileEncoding = 4; lastKnownFileType = sourcecode.c.objc; path = MMDrawerVisualState.m; sourceTree = "<group>"; };
		D62F15FC1CEF6AC200562380 /* UIViewController+MMDrawerController.h */ = {isa = PBXFileReference; fileEncoding = 4; lastKnownFileType = sourcecode.c.h; path = "UIViewController+MMDrawerController.h"; sourceTree = "<group>"; };
		D62F15FD1CEF6AC200562380 /* UIViewController+MMDrawerController.m */ = {isa = PBXFileReference; fileEncoding = 4; lastKnownFileType = sourcecode.c.objc; path = "UIViewController+MMDrawerController.m"; sourceTree = "<group>"; };
		D6412A841CD7F07300ABDF86 /* Weather City by Daniel Puig.app */ = {isa = PBXFileReference; explicitFileType = wrapper.application; includeInIndex = 0; path = "Weather City by Daniel Puig.app"; sourceTree = BUILT_PRODUCTS_DIR; };
		D6412A871CD7F07300ABDF86 /* AppDelegate.swift */ = {isa = PBXFileReference; lastKnownFileType = sourcecode.swift; path = AppDelegate.swift; sourceTree = "<group>"; };
		D6412A891CD7F07300ABDF86 /* ViewController.swift */ = {isa = PBXFileReference; lastKnownFileType = sourcecode.swift; path = ViewController.swift; sourceTree = "<group>"; };
		D6412A8C1CD7F07300ABDF86 /* Base */ = {isa = PBXFileReference; lastKnownFileType = file.storyboard; name = Base; path = Base.lproj/Main.storyboard; sourceTree = "<group>"; };
		D6412A8E1CD7F07300ABDF86 /* Assets.xcassets */ = {isa = PBXFileReference; lastKnownFileType = folder.assetcatalog; path = Assets.xcassets; sourceTree = "<group>"; };
		D6412A911CD7F07300ABDF86 /* Base */ = {isa = PBXFileReference; lastKnownFileType = file.storyboard; name = Base; path = Base.lproj/LaunchScreen.storyboard; sourceTree = "<group>"; };
		D6412A931CD7F07300ABDF86 /* Info.plist */ = {isa = PBXFileReference; lastKnownFileType = text.plist.xml; path = Info.plist; sourceTree = "<group>"; };
		D6412A981CD7F07300ABDF86 /* Weather City by Daniel Puig.xctest */ = {isa = PBXFileReference; explicitFileType = wrapper.cfbundle; includeInIndex = 0; path = "Weather City by Daniel Puig.xctest"; sourceTree = BUILT_PRODUCTS_DIR; };
		D6412A9C1CD7F07300ABDF86 /* weatherTests.swift */ = {isa = PBXFileReference; lastKnownFileType = sourcecode.swift; path = weatherTests.swift; sourceTree = "<group>"; };
		D6412A9E1CD7F07300ABDF86 /* Info.plist */ = {isa = PBXFileReference; lastKnownFileType = text.plist.xml; path = Info.plist; sourceTree = "<group>"; };
		D6412AA31CD7F07300ABDF86 /* Weather City by Daniel Puig.xctest */ = {isa = PBXFileReference; explicitFileType = wrapper.cfbundle; includeInIndex = 0; path = "Weather City by Daniel Puig.xctest"; sourceTree = BUILT_PRODUCTS_DIR; };
		D6412AA71CD7F07300ABDF86 /* weatherUITests.swift */ = {isa = PBXFileReference; lastKnownFileType = sourcecode.swift; path = weatherUITests.swift; sourceTree = "<group>"; };
		D6412AA91CD7F07300ABDF86 /* Info.plist */ = {isa = PBXFileReference; lastKnownFileType = text.plist.xml; path = Info.plist; sourceTree = "<group>"; };
		D6412AB71CD7F4C800ABDF86 /* Podfile */ = {isa = PBXFileReference; fileEncoding = 4; lastKnownFileType = text; path = Podfile; sourceTree = "<group>"; };
		D67097731CD92808003EACE7 /* DayWeatherViewCell.swift */ = {isa = PBXFileReference; fileEncoding = 4; lastKnownFileType = sourcecode.swift; path = DayWeatherViewCell.swift; sourceTree = "<group>"; };
		D67097761CD92982003EACE7 /* Services.swift */ = {isa = PBXFileReference; fileEncoding = 4; lastKnownFileType = sourcecode.swift; path = Services.swift; sourceTree = "<group>"; };
		D670977B1CD92DFC003EACE7 /* Location.swift */ = {isa = PBXFileReference; fileEncoding = 4; lastKnownFileType = sourcecode.swift; path = Location.swift; sourceTree = "<group>"; };
		D670977D1CD92FF9003EACE7 /* Weather.swift */ = {isa = PBXFileReference; fileEncoding = 4; lastKnownFileType = sourcecode.swift; path = Weather.swift; sourceTree = "<group>"; };
		D67097851CD9459D003EACE7 /* citiesus.json */ = {isa = PBXFileReference; fileEncoding = 4; lastKnownFileType = text.json; path = citiesus.json; sourceTree = "<group>"; };
		D6984F691CEC140D0088AECA /* WeatherViewController.swift */ = {isa = PBXFileReference; fileEncoding = 4; lastKnownFileType = sourcecode.swift; path = WeatherViewController.swift; sourceTree = "<group>"; };
/* End PBXFileReference section */

/* Begin PBXFrameworksBuildPhase section */
		D6412A811CD7F07300ABDF86 /* Frameworks */ = {
			isa = PBXFrameworksBuildPhase;
			buildActionMask = 2147483647;
			files = (
				194D19380FC5073F67E6845E /* Pods_weather.framework in Frameworks */,
			);
			runOnlyForDeploymentPostprocessing = 0;
		};
		D6412A951CD7F07300ABDF86 /* Frameworks */ = {
			isa = PBXFrameworksBuildPhase;
			buildActionMask = 2147483647;
			files = (
			);
			runOnlyForDeploymentPostprocessing = 0;
		};
		D6412AA01CD7F07300ABDF86 /* Frameworks */ = {
			isa = PBXFrameworksBuildPhase;
			buildActionMask = 2147483647;
			files = (
			);
			runOnlyForDeploymentPostprocessing = 0;
		};
/* End PBXFrameworksBuildPhase section */

/* Begin PBXGroup section */
		4BF3F5C81A4E816DE3AD291F /* Frameworks */ = {
			isa = PBXGroup;
			children = (
				6443776248DA503962DDF5DD /* Pods_weather.framework */,
			);
			name = Frameworks;
			sourceTree = "<group>";
		};
		62D822F2245F8FFD15EECD1D /* Pods */ = {
			isa = PBXGroup;
			children = (
				6371C1E61B1E934A7EBE0C7F /* Pods-weather.debug.xcconfig */,
				B6DEA8A5A1F8B237DD38E612 /* Pods-weather.release.xcconfig */,
			);
			name = Pods;
			sourceTree = "<group>";
		};
		D60B29FD1CD7F6110098CD1F /* views */ = {
			isa = PBXGroup;
			children = (
				D67097731CD92808003EACE7 /* DayWeatherViewCell.swift */,
				D6984F691CEC140D0088AECA /* WeatherViewController.swift */,
				D62F15EF1CEF660E00562380 /* SettingsTableViewController.swift */,
			);
			name = views;
			sourceTree = "<group>";
		};
		D62F15F31CEF6A7100562380 /* SettingsMenu */ = {
			isa = PBXGroup;
			children = (
				D62F15F51CEF6AC200562380 /* MMDrawerBarButtonItem.h */,
				D62F15F61CEF6AC200562380 /* MMDrawerBarButtonItem.m */,
				D62F15F71CEF6AC200562380 /* MMDrawerController.h */,
				D62F15F81CEF6AC200562380 /* MMDrawerController.m */,
				D62F15F91CEF6AC200562380 /* MMDrawerController+Subclass.h */,
				D62F15FA1CEF6AC200562380 /* MMDrawerVisualState.h */,
				D62F15FB1CEF6AC200562380 /* MMDrawerVisualState.m */,
				D62F15FC1CEF6AC200562380 /* UIViewController+MMDrawerController.h */,
				D62F15FD1CEF6AC200562380 /* UIViewController+MMDrawerController.m */,
				D62F15F41CEF6AC200562380 /* weather-Bridging-Header.h */,
			);
			name = SettingsMenu;
			sourceTree = "<group>";
		};
		D6412A7B1CD7F07300ABDF86 = {
			isa = PBXGroup;
			children = (
				D6412A861CD7F07300ABDF86 /* weather */,
				D6412A9B1CD7F07300ABDF86 /* weatherTests */,
				D6412AA61CD7F07300ABDF86 /* weatherUITests */,
				D6412A851CD7F07300ABDF86 /* Products */,
				62D822F2245F8FFD15EECD1D /* Pods */,
				4BF3F5C81A4E816DE3AD291F /* Frameworks */,
			);
			sourceTree = "<group>";
		};
		D6412A851CD7F07300ABDF86 /* Products */ = {
			isa = PBXGroup;
			children = (
				D6412A841CD7F07300ABDF86 /* Weather City by Daniel Puig.app */,
				D6412A981CD7F07300ABDF86 /* Weather City by Daniel Puig.xctest */,
				D6412AA31CD7F07300ABDF86 /* Weather City by Daniel Puig.xctest */,
			);
			name = Products;
			sourceTree = "<group>";
		};
		D6412A861CD7F07300ABDF86 /* weather */ = {
			isa = PBXGroup;
			children = (
				D62F15F31CEF6A7100562380 /* SettingsMenu */,
				D67097781CD92C76003EACE7 /* models */,
				D67097751CD9296D003EACE7 /* services */,
				D60B29FD1CD7F6110098CD1F /* views */,
				D6412AB71CD7F4C800ABDF86 /* Podfile */,
				D6412A871CD7F07300ABDF86 /* AppDelegate.swift */,
				D6412A891CD7F07300ABDF86 /* ViewController.swift */,
				D67097851CD9459D003EACE7 /* citiesus.json */,
				D6412A8B1CD7F07300ABDF86 /* Main.storyboard */,
				D6412A8E1CD7F07300ABDF86 /* Assets.xcassets */,
				D6412A901CD7F07300ABDF86 /* LaunchScreen.storyboard */,
				D6412A931CD7F07300ABDF86 /* Info.plist */,
			);
			path = weather;
			sourceTree = "<group>";
		};
		D6412A9B1CD7F07300ABDF86 /* weatherTests */ = {
			isa = PBXGroup;
			children = (
				D6412A9C1CD7F07300ABDF86 /* weatherTests.swift */,
				D6412A9E1CD7F07300ABDF86 /* Info.plist */,
			);
			path = weatherTests;
			sourceTree = "<group>";
		};
		D6412AA61CD7F07300ABDF86 /* weatherUITests */ = {
			isa = PBXGroup;
			children = (
				D6412AA71CD7F07300ABDF86 /* weatherUITests.swift */,
				D6412AA91CD7F07300ABDF86 /* Info.plist */,
			);
			path = weatherUITests;
			sourceTree = "<group>";
		};
		D67097751CD9296D003EACE7 /* services */ = {
			isa = PBXGroup;
			children = (
				D67097761CD92982003EACE7 /* Services.swift */,
			);
			name = services;
			sourceTree = "<group>";
		};
		D67097781CD92C76003EACE7 /* models */ = {
			isa = PBXGroup;
			children = (
				D670977B1CD92DFC003EACE7 /* Location.swift */,
				D670977D1CD92FF9003EACE7 /* Weather.swift */,
			);
			name = models;
			sourceTree = "<group>";
		};
/* End PBXGroup section */

/* Begin PBXNativeTarget section */
		D6412A831CD7F07300ABDF86 /* Weather City by Daniel Puig */ = {
			isa = PBXNativeTarget;
			buildConfigurationList = D6412AAC1CD7F07300ABDF86 /* Build configuration list for PBXNativeTarget "Weather City by Daniel Puig" */;
			buildPhases = (
				C413AE41AF0438203263539A /* Check Pods Manifest.lock */,
				D6412A801CD7F07300ABDF86 /* Sources */,
				D6412A811CD7F07300ABDF86 /* Frameworks */,
				D6412A821CD7F07300ABDF86 /* Resources */,
				95EAD5A702730EF559A9404D /* Embed Pods Frameworks */,
				74AF609B0F412ACA9E3B833F /* Copy Pods Resources */,
			);
			buildRules = (
			);
			dependencies = (
			);
			name = "Weather City by Daniel Puig";
			productName = weather;
			productReference = D6412A841CD7F07300ABDF86 /* Weather City by Daniel Puig.app */;
			productType = "com.apple.product-type.application";
		};
		D6412A971CD7F07300ABDF86 /* Weather City by Daniel PuigTests */ = {
			isa = PBXNativeTarget;
			buildConfigurationList = D6412AAF1CD7F07300ABDF86 /* Build configuration list for PBXNativeTarget "Weather City by Daniel PuigTests" */;
			buildPhases = (
				D6412A941CD7F07300ABDF86 /* Sources */,
				D6412A951CD7F07300ABDF86 /* Frameworks */,
				D6412A961CD7F07300ABDF86 /* Resources */,
			);
			buildRules = (
			);
			dependencies = (
				D6412A9A1CD7F07300ABDF86 /* PBXTargetDependency */,
			);
			name = "Weather City by Daniel PuigTests";
			productName = weatherTests;
			productReference = D6412A981CD7F07300ABDF86 /* Weather City by Daniel Puig.xctest */;
			productType = "com.apple.product-type.bundle.unit-test";
		};
		D6412AA21CD7F07300ABDF86 /* Weather City by Daniel PuigUITests */ = {
			isa = PBXNativeTarget;
			buildConfigurationList = D6412AB21CD7F07300ABDF86 /* Build configuration list for PBXNativeTarget "Weather City by Daniel PuigUITests" */;
			buildPhases = (
				D6412A9F1CD7F07300ABDF86 /* Sources */,
				D6412AA01CD7F07300ABDF86 /* Frameworks */,
				D6412AA11CD7F07300ABDF86 /* Resources */,
			);
			buildRules = (
			);
			dependencies = (
				D6412AA51CD7F07300ABDF86 /* PBXTargetDependency */,
			);
			name = "Weather City by Daniel PuigUITests";
			productName = weatherUITests;
			productReference = D6412AA31CD7F07300ABDF86 /* Weather City by Daniel Puig.xctest */;
			productType = "com.apple.product-type.bundle.ui-testing";
		};
/* End PBXNativeTarget section */

/* Begin PBXProject section */
		D6412A7C1CD7F07300ABDF86 /* Project object */ = {
			isa = PBXProject;
			attributes = {
				LastSwiftUpdateCheck = 0730;
				LastUpgradeCheck = 0730;
				ORGANIZATIONNAME = "Daniel Puig";
				TargetAttributes = {
					D6412A831CD7F07300ABDF86 = {
						CreatedOnToolsVersion = 7.3;
						DevelopmentTeam = BLX6SSPNF2;
					};
					D6412A971CD7F07300ABDF86 = {
						CreatedOnToolsVersion = 7.3;
						TestTargetID = D6412A831CD7F07300ABDF86;
					};
					D6412AA21CD7F07300ABDF86 = {
						CreatedOnToolsVersion = 7.3;
						TestTargetID = D6412A831CD7F07300ABDF86;
					};
				};
			};
			buildConfigurationList = D6412A7F1CD7F07300ABDF86 /* Build configuration list for PBXProject "Weather City by Daniel Puig" */;
			compatibilityVersion = "Xcode 3.2";
			developmentRegion = English;
			hasScannedForEncodings = 0;
			knownRegions = (
				en,
				Base,
			);
			mainGroup = D6412A7B1CD7F07300ABDF86;
			productRefGroup = D6412A851CD7F07300ABDF86 /* Products */;
			projectDirPath = "";
			projectRoot = "";
			targets = (
				D6412A831CD7F07300ABDF86 /* Weather City by Daniel Puig */,
				D6412A971CD7F07300ABDF86 /* Weather City by Daniel PuigTests */,
				D6412AA21CD7F07300ABDF86 /* Weather City by Daniel PuigUITests */,
			);
		};
/* End PBXProject section */

/* Begin PBXResourcesBuildPhase section */
		D6412A821CD7F07300ABDF86 /* Resources */ = {
			isa = PBXResourcesBuildPhase;
			buildActionMask = 2147483647;
			files = (
				D6412A921CD7F07300ABDF86 /* LaunchScreen.storyboard in Resources */,
				D6412A8F1CD7F07300ABDF86 /* Assets.xcassets in Resources */,
				D6412AB81CD7F4C800ABDF86 /* Podfile in Resources */,
				D67097861CD9459D003EACE7 /* citiesus.json in Resources */,
				D6412A8D1CD7F07300ABDF86 /* Main.storyboard in Resources */,
			);
			runOnlyForDeploymentPostprocessing = 0;
		};
		D6412A961CD7F07300ABDF86 /* Resources */ = {
			isa = PBXResourcesBuildPhase;
			buildActionMask = 2147483647;
			files = (
			);
			runOnlyForDeploymentPostprocessing = 0;
		};
		D6412AA11CD7F07300ABDF86 /* Resources */ = {
			isa = PBXResourcesBuildPhase;
			buildActionMask = 2147483647;
			files = (
			);
			runOnlyForDeploymentPostprocessing = 0;
		};
/* End PBXResourcesBuildPhase section */

/* Begin PBXShellScriptBuildPhase section */
		74AF609B0F412ACA9E3B833F /* Copy Pods Resources */ = {
			isa = PBXShellScriptBuildPhase;
			buildActionMask = 2147483647;
			files = (
			);
			inputPaths = (
			);
			name = "Copy Pods Resources";
			outputPaths = (
			);
			runOnlyForDeploymentPostprocessing = 0;
			shellPath = /bin/sh;
			shellScript = "\"${SRCROOT}/Pods/Target Support Files/Pods-weather/Pods-weather-resources.sh\"\n";
			showEnvVarsInLog = 0;
		};
		95EAD5A702730EF559A9404D /* Embed Pods Frameworks */ = {
			isa = PBXShellScriptBuildPhase;
			buildActionMask = 2147483647;
			files = (
			);
			inputPaths = (
			);
			name = "Embed Pods Frameworks";
			outputPaths = (
			);
			runOnlyForDeploymentPostprocessing = 0;
			shellPath = /bin/sh;
			shellScript = "\"${SRCROOT}/Pods/Target Support Files/Pods-weather/Pods-weather-frameworks.sh\"\n";
			showEnvVarsInLog = 0;
		};
		C413AE41AF0438203263539A /* Check Pods Manifest.lock */ = {
			isa = PBXShellScriptBuildPhase;
			buildActionMask = 2147483647;
			files = (
			);
			inputPaths = (
			);
			name = "Check Pods Manifest.lock";
			outputPaths = (
			);
			runOnlyForDeploymentPostprocessing = 0;
			shellPath = /bin/sh;
			shellScript = "diff \"${PODS_ROOT}/../Podfile.lock\" \"${PODS_ROOT}/Manifest.lock\" > /dev/null\nif [[ $? != 0 ]] ; then\n    cat << EOM\nerror: The sandbox is not in sync with the Podfile.lock. Run 'pod install' or update your CocoaPods installation.\nEOM\n    exit 1\nfi\n";
			showEnvVarsInLog = 0;
		};
/* End PBXShellScriptBuildPhase section */

/* Begin PBXSourcesBuildPhase section */
		D6412A801CD7F07300ABDF86 /* Sources */ = {
			isa = PBXSourcesBuildPhase;
			buildActionMask = 2147483647;
			files = (
				D62F16001CEF6AC200562380 /* MMDrawerVisualState.m in Sources */,
				D67097741CD92808003EACE7 /* DayWeatherViewCell.swift in Sources */,
				D67097771CD92982003EACE7 /* Services.swift in Sources */,
				D62F15FF1CEF6AC200562380 /* MMDrawerController.m in Sources */,
				D670977C1CD92DFC003EACE7 /* Location.swift in Sources */,
				D6412A8A1CD7F07300ABDF86 /* ViewController.swift in Sources */,
				D62F15F01CEF660E00562380 /* SettingsTableViewController.swift in Sources */,
				D6984F6A1CEC140D0088AECA /* WeatherViewController.swift in Sources */,
				D62F16011CEF6AC200562380 /* UIViewController+MMDrawerController.m in Sources */,
				D62F15FE1CEF6AC200562380 /* MMDrawerBarButtonItem.m in Sources */,
				D670977E1CD92FF9003EACE7 /* Weather.swift in Sources */,
				D6412A881CD7F07300ABDF86 /* AppDelegate.swift in Sources */,
			);
			runOnlyForDeploymentPostprocessing = 0;
		};
		D6412A941CD7F07300ABDF86 /* Sources */ = {
			isa = PBXSourcesBuildPhase;
			buildActionMask = 2147483647;
			files = (
				D6412A9D1CD7F07300ABDF86 /* weatherTests.swift in Sources */,
			);
			runOnlyForDeploymentPostprocessing = 0;
		};
		D6412A9F1CD7F07300ABDF86 /* Sources */ = {
			isa = PBXSourcesBuildPhase;
			buildActionMask = 2147483647;
			files = (
				D6412AA81CD7F07300ABDF86 /* weatherUITests.swift in Sources */,
			);
			runOnlyForDeploymentPostprocessing = 0;
		};
/* End PBXSourcesBuildPhase section */

/* Begin PBXTargetDependency section */
		D6412A9A1CD7F07300ABDF86 /* PBXTargetDependency */ = {
			isa = PBXTargetDependency;
			target = D6412A831CD7F07300ABDF86 /* Weather City by Daniel Puig */;
			targetProxy = D6412A991CD7F07300ABDF86 /* PBXContainerItemProxy */;
		};
		D6412AA51CD7F07300ABDF86 /* PBXTargetDependency */ = {
			isa = PBXTargetDependency;
			target = D6412A831CD7F07300ABDF86 /* Weather City by Daniel Puig */;
			targetProxy = D6412AA41CD7F07300ABDF86 /* PBXContainerItemProxy */;
		};
/* End PBXTargetDependency section */

/* Begin PBXVariantGroup section */
		D6412A8B1CD7F07300ABDF86 /* Main.storyboard */ = {
			isa = PBXVariantGroup;
			children = (
				D6412A8C1CD7F07300ABDF86 /* Base */,
			);
			name = Main.storyboard;
			sourceTree = "<group>";
		};
		D6412A901CD7F07300ABDF86 /* LaunchScreen.storyboard */ = {
			isa = PBXVariantGroup;
			children = (
				D6412A911CD7F07300ABDF86 /* Base */,
			);
			name = LaunchScreen.storyboard;
			sourceTree = "<group>";
		};
/* End PBXVariantGroup section */

/* Begin XCBuildConfiguration section */
		D6412AAA1CD7F07300ABDF86 /* Debug */ = {
			isa = XCBuildConfiguration;
			buildSettings = {
				ALWAYS_SEARCH_USER_PATHS = NO;
				CLANG_ANALYZER_NONNULL = YES;
				CLANG_CXX_LANGUAGE_STANDARD = "gnu++0x";
				CLANG_CXX_LIBRARY = "libc++";
				CLANG_ENABLE_MODULES = YES;
				CLANG_ENABLE_OBJC_ARC = YES;
				CLANG_WARN_BOOL_CONVERSION = YES;
				CLANG_WARN_CONSTANT_CONVERSION = YES;
				CLANG_WARN_DIRECT_OBJC_ISA_USAGE = YES_ERROR;
				CLANG_WARN_EMPTY_BODY = YES;
				CLANG_WARN_ENUM_CONVERSION = YES;
				CLANG_WARN_INT_CONVERSION = YES;
				CLANG_WARN_OBJC_ROOT_CLASS = YES_ERROR;
				CLANG_WARN_UNREACHABLE_CODE = YES;
				CLANG_WARN__DUPLICATE_METHOD_MATCH = YES;
				"CODE_SIGN_IDENTITY[sdk=iphoneos*]" = "iPhone Developer";
				COPY_PHASE_STRIP = NO;
				DEBUG_INFORMATION_FORMAT = dwarf;
				ENABLE_STRICT_OBJC_MSGSEND = YES;
				ENABLE_TESTABILITY = YES;
				GCC_C_LANGUAGE_STANDARD = gnu99;
				GCC_DYNAMIC_NO_PIC = NO;
				GCC_NO_COMMON_BLOCKS = YES;
				GCC_OPTIMIZATION_LEVEL = 0;
				GCC_PREPROCESSOR_DEFINITIONS = (
					"DEBUG=1",
					"$(inherited)",
				);
				GCC_WARN_64_TO_32_BIT_CONVERSION = YES;
				GCC_WARN_ABOUT_RETURN_TYPE = YES_ERROR;
				GCC_WARN_UNDECLARED_SELECTOR = YES;
				GCC_WARN_UNINITIALIZED_AUTOS = YES_AGGRESSIVE;
				GCC_WARN_UNUSED_FUNCTION = YES;
				GCC_WARN_UNUSED_VARIABLE = YES;
				IPHONEOS_DEPLOYMENT_TARGET = 9.3;
				MTL_ENABLE_DEBUG_INFO = YES;
				ONLY_ACTIVE_ARCH = YES;
				SDKROOT = iphoneos;
				SWIFT_OPTIMIZATION_LEVEL = "-Onone";
				TARGETED_DEVICE_FAMILY = "1,2";
			};
			name = Debug;
		};
		D6412AAB1CD7F07300ABDF86 /* Release */ = {
			isa = XCBuildConfiguration;
			buildSettings = {
				ALWAYS_SEARCH_USER_PATHS = NO;
				CLANG_ANALYZER_NONNULL = YES;
				CLANG_CXX_LANGUAGE_STANDARD = "gnu++0x";
				CLANG_CXX_LIBRARY = "libc++";
				CLANG_ENABLE_MODULES = YES;
				CLANG_ENABLE_OBJC_ARC = YES;
				CLANG_WARN_BOOL_CONVERSION = YES;
				CLANG_WARN_CONSTANT_CONVERSION = YES;
				CLANG_WARN_DIRECT_OBJC_ISA_USAGE = YES_ERROR;
				CLANG_WARN_EMPTY_BODY = YES;
				CLANG_WARN_ENUM_CONVERSION = YES;
				CLANG_WARN_INT_CONVERSION = YES;
				CLANG_WARN_OBJC_ROOT_CLASS = YES_ERROR;
				CLANG_WARN_UNREACHABLE_CODE = YES;
				CLANG_WARN__DUPLICATE_METHOD_MATCH = YES;
				"CODE_SIGN_IDENTITY[sdk=iphoneos*]" = "iPhone Developer";
				COPY_PHASE_STRIP = NO;
				DEBUG_INFORMATION_FORMAT = "dwarf-with-dsym";
				ENABLE_NS_ASSERTIONS = NO;
				ENABLE_STRICT_OBJC_MSGSEND = YES;
				GCC_C_LANGUAGE_STANDARD = gnu99;
				GCC_NO_COMMON_BLOCKS = YES;
				GCC_WARN_64_TO_32_BIT_CONVERSION = YES;
				GCC_WARN_ABOUT_RETURN_TYPE = YES_ERROR;
				GCC_WARN_UNDECLARED_SELECTOR = YES;
				GCC_WARN_UNINITIALIZED_AUTOS = YES_AGGRESSIVE;
				GCC_WARN_UNUSED_FUNCTION = YES;
				GCC_WARN_UNUSED_VARIABLE = YES;
				IPHONEOS_DEPLOYMENT_TARGET = 9.3;
				MTL_ENABLE_DEBUG_INFO = NO;
				SDKROOT = iphoneos;
				TARGETED_DEVICE_FAMILY = "1,2";
				VALIDATE_PRODUCT = YES;
			};
			name = Release;
		};
		D6412AAD1CD7F07300ABDF86 /* Debug */ = {
			isa = XCBuildConfiguration;
			baseConfigurationReference = 6371C1E61B1E934A7EBE0C7F /* Pods-weather.debug.xcconfig */;
			buildSettings = {
				ASSETCATALOG_COMPILER_APPICON_NAME = AppIcon;
				CLANG_ENABLE_MODULES = YES;
				CODE_SIGN_IDENTITY = "iPhone Developer";
				"CODE_SIGN_IDENTITY[sdk=iphoneos*]" = "iPhone Developer";
				INFOPLIST_FILE = weather/Info.plist;
				IPHONEOS_DEPLOYMENT_TARGET = 9.2;
				LD_RUNPATH_SEARCH_PATHS = "$(inherited) @executable_path/Frameworks";
				PRODUCT_BUNDLE_IDENTIFIER = com.danielpuig.weather;
				PRODUCT_NAME = "Weather City by Daniel Puig";
				PROVISIONING_PROFILE = "";
				SWIFT_OBJC_BRIDGING_HEADER = "weather/weather-Bridging-Header.h";
				SWIFT_OPTIMIZATION_LEVEL = "-Onone";
			};
			name = Debug;
		};
		D6412AAE1CD7F07300ABDF86 /* Release */ = {
			isa = XCBuildConfiguration;
			baseConfigurationReference = B6DEA8A5A1F8B237DD38E612 /* Pods-weather.release.xcconfig */;
			buildSettings = {
				ASSETCATALOG_COMPILER_APPICON_NAME = AppIcon;
				CLANG_ENABLE_MODULES = YES;
				CODE_SIGN_IDENTITY = "iPhone Developer";
				"CODE_SIGN_IDENTITY[sdk=iphoneos*]" = "iPhone Developer";
				INFOPLIST_FILE = weather/Info.plist;
				IPHONEOS_DEPLOYMENT_TARGET = 9.2;
				LD_RUNPATH_SEARCH_PATHS = "$(inherited) @executable_path/Frameworks";
				PRODUCT_BUNDLE_IDENTIFIER = com.danielpuig.weather;
				PRODUCT_NAME = "Weather City by Daniel Puig";
				PROVISIONING_PROFILE = "";
				SWIFT_OBJC_BRIDGING_HEADER = "weather/weather-Bridging-Header.h";
			};
			name = Release;
		};
		D6412AB01CD7F07300ABDF86 /* Debug */ = {
			isa = XCBuildConfiguration;
			buildSettings = {
				BUNDLE_LOADER = "$(TEST_HOST)";
				INFOPLIST_FILE = weatherTests/Info.plist;
				LD_RUNPATH_SEARCH_PATHS = "$(inherited) @executable_path/Frameworks @loader_path/Frameworks";
				PRODUCT_BUNDLE_IDENTIFIER = com.landsware.weatherTests;
				PRODUCT_NAME = "Weather City by Daniel Puig";
				TEST_HOST = "$(BUILT_PRODUCTS_DIR)/Weather City by Daniel Puig.app/Weather City by Daniel Puig";
			};
			name = Debug;
		};
		D6412AB11CD7F07300ABDF86 /* Release */ = {
			isa = XCBuildConfiguration;
			buildSettings = {
				BUNDLE_LOADER = "$(TEST_HOST)";
				INFOPLIST_FILE = weatherTests/Info.plist;
				LD_RUNPATH_SEARCH_PATHS = "$(inherited) @executable_path/Frameworks @loader_path/Frameworks";
				PRODUCT_BUNDLE_IDENTIFIER = com.landsware.weatherTests;
				PRODUCT_NAME = "Weather City by Daniel Puig";
				TEST_HOST = "$(BUILT_PRODUCTS_DIR)/Weather City by Daniel Puig.app/Weather City by Daniel Puig";
			};
			name = Release;
		};
		D6412AB31CD7F07300ABDF86 /* Debug */ = {
			isa = XCBuildConfiguration;
			buildSettings = {
				INFOPLIST_FILE = weatherUITests/Info.plist;
				LD_RUNPATH_SEARCH_PATHS = "$(inherited) @executable_path/Frameworks @loader_path/Frameworks";
				PRODUCT_BUNDLE_IDENTIFIER = com.landsware.weatherUITests;
				PRODUCT_NAME = "Weather City by Daniel Puig";
				TEST_TARGET_NAME = weather;
			};
			name = Debug;
		};
		D6412AB41CD7F07300ABDF86 /* Release */ = {
			isa = XCBuildConfiguration;
			buildSettings = {
				INFOPLIST_FILE = weatherUITests/Info.plist;
				LD_RUNPATH_SEARCH_PATHS = "$(inherited) @executable_path/Frameworks @loader_path/Frameworks";
				PRODUCT_BUNDLE_IDENTIFIER = com.landsware.weatherUITests;
				PRODUCT_NAME = "Weather City by Daniel Puig";
				TEST_TARGET_NAME = weather;
			};
			name = Release;
		};
/* End XCBuildConfiguration section */

/* Begin XCConfigurationList section */
		D6412A7F1CD7F07300ABDF86 /* Build configuration list for PBXProject "Weather City by Daniel Puig" */ = {
			isa = XCConfigurationList;
			buildConfigurations = (
				D6412AAA1CD7F07300ABDF86 /* Debug */,
				D6412AAB1CD7F07300ABDF86 /* Release */,
			);
			defaultConfigurationIsVisible = 0;
			defaultConfigurationName = Release;
		};
		D6412AAC1CD7F07300ABDF86 /* Build configuration list for PBXNativeTarget "Weather City by Daniel Puig" */ = {
			isa = XCConfigurationList;
			buildConfigurations = (
				D6412AAD1CD7F07300ABDF86 /* Debug */,
				D6412AAE1CD7F07300ABDF86 /* Release */,
			);
			defaultConfigurationIsVisible = 0;
			defaultConfigurationName = Release;
		};
		D6412AAF1CD7F07300ABDF86 /* Build configuration list for PBXNativeTarget "Weather City by Daniel PuigTests" */ = {
			isa = XCConfigurationList;
			buildConfigurations = (
				D6412AB01CD7F07300ABDF86 /* Debug */,
				D6412AB11CD7F07300ABDF86 /* Release */,
			);
			defaultConfigurationIsVisible = 0;
			defaultConfigurationName = Release;
		};
		D6412AB21CD7F07300ABDF86 /* Build configuration list for PBXNativeTarget "Weather City by Daniel PuigUITests" */ = {
			isa = XCConfigurationList;
			buildConfigurations = (
				D6412AB31CD7F07300ABDF86 /* Debug */,
				D6412AB41CD7F07300ABDF86 /* Release */,
			);
			defaultConfigurationIsVisible = 0;
			defaultConfigurationName = Release;
		};
/* End XCConfigurationList section */
	};
	rootObject = D6412A7C1CD7F07300ABDF86 /* Project object */;
}
